
Microsoft Visual Studio Solution File, Format Version 12.00
# Visual Studio Version 17
VisualStudioVersion = 17.5.33516.290
MinimumVisualStudioVersion = 10.0.40219.1
Project("{FAE04EC0-301F-11D3-BF4B-00C04F79EFBC}") = "Ejercicio I06", "Ejercicio I06\Ejercicio I06.csproj", "{9E04BD34-CB02-4B49-BF2C-195F2F27F717}"
EndProject
Project("{FAE04EC0-301F-11D3-BF4B-00C04F79EFBC}") = "Entidades", "Entidades\Entidades.csproj", "{2E262FA3-29BE-4827-8FE2-5B3940AE4CD8}"
EndProject
Global
	GlobalSection(SolutionConfigurationPlatforms) = preSolution
		Debug|Any CPU = Debug|Any CPU
		Release|Any CPU = Release|Any CPU
	EndGlobalSection
	GlobalSection(ProjectConfigurationPlatforms) = postSolution
		{9E04BD34-CB02-4B49-BF2C-195F2F27F717}.Debug|Any CPU.ActiveCfg = Debug|Any CPU
		{9E04BD34-CB02-4B49-BF2C-195F2F27F717}.Debug|Any CPU.Build.0 = Debug|Any CPU
		{9E04BD34-CB02-4B49-BF2C-195F2F27F717}.Release|Any CPU.ActiveCfg = Release|Any CPU
		{9E04BD34-CB02-4B49-BF2C-195F2F27F717}.Release|Any CPU.Build.0 = Release|Any CPU
		{2E262FA3-29BE-4827-8FE2-5B3940AE4CD8}.Debug|Any CPU.ActiveCfg = Debug|Any CPU
		{2E262FA3-29BE-4827-8FE2-5B3940AE4CD8}.Debug|Any CPU.Build.0 = Debug|Any CPU
		{2E262FA3-29BE-4827-8FE2-5B3940AE4CD8}.Release|Any CPU.ActiveCfg = Release|Any CPU
		{2E262FA3-29BE-4827-8FE2-5B3940AE4CD8}.Release|Any CPU.Build.0 = Release|Any CPU
	EndGlobalSection
	GlobalSection(SolutionProperties) = preSolution
		HideSolutionNode = FALSE
	EndGlobalSection
	GlobalSection(ExtensibilityGlobals) = postSolution
		SolutionGuid = {26460CE1-FE6B-4A16-A6C4-F017FB95EDD6}
	EndGlobalSection
EndGlobal
