
Microsoft Visual Studio Solution File, Format Version 12.00
# Visual Studio Version 17
VisualStudioVersion = 17.5.33516.290
MinimumVisualStudioVersion = 10.0.40219.1
Project("{FAE04EC0-301F-11D3-BF4B-00C04F79EFBC}") = "Ejercicio07", "Ejercicio07\Ejercicio07.csproj", "{62EA6EA6-D514-41A4-8D36-A268F6E96C87}"
EndProject
Project("{FAE04EC0-301F-11D3-BF4B-00C04F79EFBC}") = "Entidades", "Entidades\Entidades.csproj", "{B62C6CD2-9AB3-48AB-B846-69DD019FDBEC}"
EndProject
Global
	GlobalSection(SolutionConfigurationPlatforms) = preSolution
		Debug|Any CPU = Debug|Any CPU
		Release|Any CPU = Release|Any CPU
	EndGlobalSection
	GlobalSection(ProjectConfigurationPlatforms) = postSolution
		{62EA6EA6-D514-41A4-8D36-A268F6E96C87}.Debug|Any CPU.ActiveCfg = Debug|Any CPU
		{62EA6EA6-D514-41A4-8D36-A268F6E96C87}.Debug|Any CPU.Build.0 = Debug|Any CPU
		{62EA6EA6-D514-41A4-8D36-A268F6E96C87}.Release|Any CPU.ActiveCfg = Release|Any CPU
		{62EA6EA6-D514-41A4-8D36-A268F6E96C87}.Release|Any CPU.Build.0 = Release|Any CPU
		{B62C6CD2-9AB3-48AB-B846-69DD019FDBEC}.Debug|Any CPU.ActiveCfg = Debug|Any CPU
		{B62C6CD2-9AB3-48AB-B846-69DD019FDBEC}.Debug|Any CPU.Build.0 = Debug|Any CPU
		{B62C6CD2-9AB3-48AB-B846-69DD019FDBEC}.Release|Any CPU.ActiveCfg = Release|Any CPU
		{B62C6CD2-9AB3-48AB-B846-69DD019FDBEC}.Release|Any CPU.Build.0 = Release|Any CPU
	EndGlobalSection
	GlobalSection(SolutionProperties) = preSolution
		HideSolutionNode = FALSE
	EndGlobalSection
	GlobalSection(ExtensibilityGlobals) = postSolution
		SolutionGuid = {720EBC73-EC5A-49B2-855C-16D566E26F6B}
	EndGlobalSection
EndGlobal
