
Microsoft Visual Studio Solution File, Format Version 12.00
# Visual Studio Version 17
VisualStudioVersion = 17.5.33516.290
MinimumVisualStudioVersion = 10.0.40219.1
Project("{9A19103F-16F7-4668-BE54-9A1E7A4F7556}") = "Ejercicio18_Objetos", "Ejercicio18_Objetos\Ejercicio18_Objetos.csproj", "{E301DC22-475B-4669-A4EA-58F12AF62A73}"
EndProject
Project("{FAE04EC0-301F-11D3-BF4B-00C04F79EFBC}") = "Geometria", "Geometria\Geometria.csproj", "{6701AF68-40BF-4B9D-8A38-957F422A44AC}"
EndProject
Global
	GlobalSection(SolutionConfigurationPlatforms) = preSolution
		Debug|Any CPU = Debug|Any CPU
		Release|Any CPU = Release|Any CPU
	EndGlobalSection
	GlobalSection(ProjectConfigurationPlatforms) = postSolution
		{E301DC22-475B-4669-A4EA-58F12AF62A73}.Debug|Any CPU.ActiveCfg = Debug|Any CPU
		{E301DC22-475B-4669-A4EA-58F12AF62A73}.Debug|Any CPU.Build.0 = Debug|Any CPU
		{E301DC22-475B-4669-A4EA-58F12AF62A73}.Release|Any CPU.ActiveCfg = Release|Any CPU
		{E301DC22-475B-4669-A4EA-58F12AF62A73}.Release|Any CPU.Build.0 = Release|Any CPU
		{6701AF68-40BF-4B9D-8A38-957F422A44AC}.Debug|Any CPU.ActiveCfg = Debug|Any CPU
		{6701AF68-40BF-4B9D-8A38-957F422A44AC}.Debug|Any CPU.Build.0 = Debug|Any CPU
		{6701AF68-40BF-4B9D-8A38-957F422A44AC}.Release|Any CPU.ActiveCfg = Release|Any CPU
		{6701AF68-40BF-4B9D-8A38-957F422A44AC}.Release|Any CPU.Build.0 = Release|Any CPU
	EndGlobalSection
	GlobalSection(SolutionProperties) = preSolution
		HideSolutionNode = FALSE
	EndGlobalSection
	GlobalSection(ExtensibilityGlobals) = postSolution
		SolutionGuid = {40B4763E-B16E-481D-8865-DDA5678F3AEE}
	EndGlobalSection
EndGlobal
